
Microsoft Visual Studio Solution File, Format Version 12.00
# Visual Studio Version 17
VisualStudioVersion = 17.11.35303.130
MinimumVisualStudioVersion = 10.0.40219.1
Project("{9A19103F-16F7-4668-BE54-9A1E7A4F7556}") = "AnniesCatSanctuary", "AnniesCatSanctuary\AnniesCatSanctuary.csproj", "{0B85B67A-4937-4297-BB18-1DF29DE2467D}"
EndProject
Global
	GlobalSection(SolutionConfigurationPlatforms) = preSolution
		Debug|Any CPU = Debug|Any CPU
		Release|Any CPU = Release|Any CPU
	EndGlobalSection
	GlobalSection(ProjectConfigurationPlatforms) = postSolution
		{0B85B67A-4937-4297-BB18-1DF29DE2467D}.Debug|Any CPU.ActiveCfg = Debug|Any CPU
		{0B85B67A-4937-4297-BB18-1DF29DE2467D}.Debug|Any CPU.Build.0 = Debug|Any CPU
		{0B85B67A-4937-4297-BB18-1DF29DE2467D}.Release|Any CPU.ActiveCfg = Release|Any CPU
		{0B85B67A-4937-4297-BB18-1DF29DE2467D}.Release|Any CPU.Build.0 = Release|Any CPU
	EndGlobalSection
	GlobalSection(SolutionProperties) = preSolution
		HideSolutionNode = FALSE
	EndGlobalSection
	GlobalSection(ExtensibilityGlobals) = postSolution
		SolutionGuid = {78BB7AE7-5030-4FE5-9B30-146993FDD5D7}
	EndGlobalSection
EndGlobal
